
Microsoft Visual Studio Solution File, Format Version 12.00
# Visual Studio 15
VisualStudioVersion = 15.0.28307.329
MinimumVisualStudioVersion = 10.0.40219.1
Project("{9A19103F-16F7-4668-BE54-9A1E7A4F7556}") = "Texas-hold-em", "Texas-hold-em\Texas-hold-em.csproj", "{2D959902-EAEF-476F-A2BE-3C43EB3F8FD0}"
EndProject
Project("{FAE04EC0-301F-11D3-BF4B-00C04F79EFBC}") = "Texas-hold-em.Tests", "Texas-hold-em.Tests\Texas-hold-em.Tests.csproj", "{A520D193-3F36-437B-BB5F-8E0882F5E3BB}"
EndProject
Global
	GlobalSection(SolutionConfigurationPlatforms) = preSolution
		Debug|Any CPU = Debug|Any CPU
		Release|Any CPU = Release|Any CPU
	EndGlobalSection
	GlobalSection(ProjectConfigurationPlatforms) = postSolution
		{2D959902-EAEF-476F-A2BE-3C43EB3F8FD0}.Debug|Any CPU.ActiveCfg = Debug|Any CPU
		{2D959902-EAEF-476F-A2BE-3C43EB3F8FD0}.Debug|Any CPU.Build.0 = Debug|Any CPU
		{2D959902-EAEF-476F-A2BE-3C43EB3F8FD0}.Release|Any CPU.ActiveCfg = Release|Any CPU
		{2D959902-EAEF-476F-A2BE-3C43EB3F8FD0}.Release|Any CPU.Build.0 = Release|Any CPU
		{A520D193-3F36-437B-BB5F-8E0882F5E3BB}.Debug|Any CPU.ActiveCfg = Debug|Any CPU
		{A520D193-3F36-437B-BB5F-8E0882F5E3BB}.Debug|Any CPU.Build.0 = Debug|Any CPU
		{A520D193-3F36-437B-BB5F-8E0882F5E3BB}.Release|Any CPU.ActiveCfg = Release|Any CPU
		{A520D193-3F36-437B-BB5F-8E0882F5E3BB}.Release|Any CPU.Build.0 = Release|Any CPU
	EndGlobalSection
	GlobalSection(SolutionProperties) = preSolution
		HideSolutionNode = FALSE
	EndGlobalSection
	GlobalSection(ExtensibilityGlobals) = postSolution
		SolutionGuid = {BCBCF258-3827-4A7F-8FB0-74D1067D90E2}
	EndGlobalSection
EndGlobal
